
Microsoft Visual Studio Solution File, Format Version 12.00
# Visual Studio 2013
VisualStudioVersion = 12.0.40629.0
MinimumVisualStudioVersion = 10.0.40219.1
Project("{FAE04EC0-301F-11D3-BF4B-00C04F79EFBC}") = "Common", "Common\Common.csproj", "{241CD245-931B-4077-9D16-632AE8CE842C}"
EndProject
Project("{FAE04EC0-301F-11D3-BF4B-00C04F79EFBC}") = "Common.DAL", "Common.DAL\Common.DAL.csproj", "{B2DD1B83-DA29-443B-95C9-4C72A43BD0B0}"
EndProject
Project("{FAE04EC0-301F-11D3-BF4B-00C04F79EFBC}") = "Common.BLL", "Common.BLL\Common.BLL\Common.BLL.csproj", "{3DD97D1E-E0D5-48B6-A8C3-04B772D434A0}"
EndProject
Project("{FAE04EC0-301F-11D3-BF4B-00C04F79EFBC}") = "Common.OBJ", "Common.OBJ\Common.OBJ.csproj", "{423E4D38-8F89-4A65-8A35-D6AF22D1C79C}"
EndProject
Global
	GlobalSection(SubversionScc) = preSolution
		Svn-Managed = True
		Manager = AnkhSVN - Subversion Support for Visual Studio
	EndGlobalSection
	GlobalSection(SolutionConfigurationPlatforms) = preSolution
		Debug|Any CPU = Debug|Any CPU
		Release|Any CPU = Release|Any CPU
	EndGlobalSection
	GlobalSection(ProjectConfigurationPlatforms) = postSolution
		{241CD245-931B-4077-9D16-632AE8CE842C}.Debug|Any CPU.ActiveCfg = Debug|Any CPU
		{241CD245-931B-4077-9D16-632AE8CE842C}.Debug|Any CPU.Build.0 = Debug|Any CPU
		{241CD245-931B-4077-9D16-632AE8CE842C}.Release|Any CPU.ActiveCfg = Release|Any CPU
		{241CD245-931B-4077-9D16-632AE8CE842C}.Release|Any CPU.Build.0 = Release|Any CPU
		{B2DD1B83-DA29-443B-95C9-4C72A43BD0B0}.Debug|Any CPU.ActiveCfg = Debug|Any CPU
		{B2DD1B83-DA29-443B-95C9-4C72A43BD0B0}.Debug|Any CPU.Build.0 = Debug|Any CPU
		{B2DD1B83-DA29-443B-95C9-4C72A43BD0B0}.Release|Any CPU.ActiveCfg = Release|Any CPU
		{B2DD1B83-DA29-443B-95C9-4C72A43BD0B0}.Release|Any CPU.Build.0 = Release|Any CPU
		{3DD97D1E-E0D5-48B6-A8C3-04B772D434A0}.Debug|Any CPU.ActiveCfg = Debug|Any CPU
		{3DD97D1E-E0D5-48B6-A8C3-04B772D434A0}.Debug|Any CPU.Build.0 = Debug|Any CPU
		{3DD97D1E-E0D5-48B6-A8C3-04B772D434A0}.Release|Any CPU.ActiveCfg = Release|Any CPU
		{3DD97D1E-E0D5-48B6-A8C3-04B772D434A0}.Release|Any CPU.Build.0 = Release|Any CPU
		{423E4D38-8F89-4A65-8A35-D6AF22D1C79C}.Debug|Any CPU.ActiveCfg = Debug|Any CPU
		{423E4D38-8F89-4A65-8A35-D6AF22D1C79C}.Debug|Any CPU.Build.0 = Debug|Any CPU
		{423E4D38-8F89-4A65-8A35-D6AF22D1C79C}.Release|Any CPU.ActiveCfg = Release|Any CPU
		{423E4D38-8F89-4A65-8A35-D6AF22D1C79C}.Release|Any CPU.Build.0 = Release|Any CPU
	EndGlobalSection
	GlobalSection(SolutionProperties) = preSolution
		HideSolutionNode = FALSE
	EndGlobalSection
EndGlobal
